
Microsoft Visual Studio Solution File, Format Version 12.00
# Visual Studio Version 16
VisualStudioVersion = 16.0.30804.86
MinimumVisualStudioVersion = 10.0.40219.1
Project("{FAE04EC0-301F-11D3-BF4B-00C04F79EFBC}") = "comparison", "comparison\comparison.csproj", "{CF7E8A92-0BC8-4AB1-BA26-9BA29A48BBB3}"
EndProject
Global
	GlobalSection(SolutionConfigurationPlatforms) = preSolution
		Debug|Any CPU = Debug|Any CPU
		Release|Any CPU = Release|Any CPU
	EndGlobalSection
	GlobalSection(ProjectConfigurationPlatforms) = postSolution
		{CF7E8A92-0BC8-4AB1-BA26-9BA29A48BBB3}.Debug|Any CPU.ActiveCfg = Debug|Any CPU
		{CF7E8A92-0BC8-4AB1-BA26-9BA29A48BBB3}.Debug|Any CPU.Build.0 = Debug|Any CPU
		{CF7E8A92-0BC8-4AB1-BA26-9BA29A48BBB3}.Release|Any CPU.ActiveCfg = Release|Any CPU
		{CF7E8A92-0BC8-4AB1-BA26-9BA29A48BBB3}.Release|Any CPU.Build.0 = Release|Any CPU
	EndGlobalSection
	GlobalSection(SolutionProperties) = preSolution
		HideSolutionNode = FALSE
	EndGlobalSection
	GlobalSection(ExtensibilityGlobals) = postSolution
		SolutionGuid = {CD72D355-BE45-471C-9AC6-6DEB758462B2}
	EndGlobalSection
EndGlobal
